
Microsoft Visual Studio Solution File, Format Version 12.00
# Visual Studio Version 17
VisualStudioVersion = 17.11.35312.102
MinimumVisualStudioVersion = 10.0.40219.1
Project("{2150E333-8FDC-42A3-9474-1A3956D46DE8}") = "1. EnterpriseBusinessRules", "1. EnterpriseBusinessRules", "{9B8FE6E0-626D-497E-ADA6-4AF3D14A3A8B}"
EndProject
Project("{2150E333-8FDC-42A3-9474-1A3956D46DE8}") = "2. ApplicationBusinessRules", "2. ApplicationBusinessRules", "{0F68506D-830D-4D3C-9714-7CD9DF12C173}"
EndProject
Project("{2150E333-8FDC-42A3-9474-1A3956D46DE8}") = "3. InterfaceAdapters", "3. InterfaceAdapters", "{FD29B28D-CE78-41EC-8C24-2EF75A6371EA}"
EndProject
Project("{2150E333-8FDC-42A3-9474-1A3956D46DE8}") = "4. FrameworkAndDrivers", "4. FrameworkAndDrivers", "{8A886C82-7254-4A4D-A6D6-C4FE2040F789}"
EndProject
Project("{9A19103F-16F7-4668-BE54-9A1E7A4F7556}") = "CEDHETEC.LIMPIA.DEMO.Entities", "CEDHETEC.LIMPIA.DEMO.Entities\CEDHETEC.LIMPIA.DEMO.Entities.csproj", "{CB27A57C-E03B-420C-9D70-8DC30455BB8B}"
EndProject
Project("{9A19103F-16F7-4668-BE54-9A1E7A4F7556}") = "CEDHETEC.LIMPIA.DEMO.UseCases", "CEDHETEC.LIMPIA.DEMO.UseCases\CEDHETEC.LIMPIA.DEMO.UseCases.csproj", "{030A17C5-12F2-4F36-9168-05DAA8D0C430}"
EndProject
Project("{9A19103F-16F7-4668-BE54-9A1E7A4F7556}") = "CEDHETEC.LIMPIA.DEMO.UseCases.Ports", "CEDHETEC.LIMPIA.DEMO.UseCases.Ports\CEDHETEC.LIMPIA.DEMO.UseCases.Ports.csproj", "{6C3C93CD-106B-4A2A-B54B-108E2E68D2D0}"
EndProject
Project("{2150E333-8FDC-42A3-9474-1A3956D46DE8}") = "Gateways", "Gateways", "{23B15EDF-B1D6-40CB-8D7C-C327F66A6FAE}"
EndProject
Project("{9A19103F-16F7-4668-BE54-9A1E7A4F7556}") = "CEDHETEC.LIMPIA.DEMO.PersistenceEFCore", "CEDHETEC.LIMPIA.DEMO.PersistenceEFCore\CEDHETEC.LIMPIA.DEMO.PersistenceEFCore.csproj", "{3A6E7443-0068-4AAF-B1E0-021EB01D5CD5}"
EndProject
Project("{2150E333-8FDC-42A3-9474-1A3956D46DE8}") = "Presenters", "Presenters", "{6DFB5B1C-1865-4B64-A960-60D4E3C60DE7}"
EndProject
Project("{9A19103F-16F7-4668-BE54-9A1E7A4F7556}") = "CEDHETEC.LIMPIA.DEMO.Presenters", "CEDHETEC.LIMPIA.DEMO.Presenters\CEDHETEC.LIMPIA.DEMO.Presenters.csproj", "{710DEA62-D9B3-4722-A66B-8FB0DE7B0641}"
EndProject
Project("{2150E333-8FDC-42A3-9474-1A3956D46DE8}") = "Controllers", "Controllers", "{D4BA2986-933D-447A-9B35-61ADE9F66AD2}"
EndProject
Project("{FAE04EC0-301F-11D3-BF4B-00C04F79EFBC}") = "CEDHETEC.LIMPIA.DEMO.Controllers", "CEDHETEC.LIMPIA.DEMO\CEDHETEC.LIMPIA.DEMO.Controllers.csproj", "{80E29AFC-B1A3-4D0A-9AC1-4968BAE42211}"
EndProject
Project("{2150E333-8FDC-42A3-9474-1A3956D46DE8}") = "UI", "UI", "{DCDE2E3F-20EA-42BF-BE4D-25956BD4CF71}"
EndProject
Project("{FAE04EC0-301F-11D3-BF4B-00C04F79EFBC}") = "CEDHETEC.LIMPIA.DEMO.WebApi", "CEDHETEC.LIMPIA.DEMO.WebApi\CEDHETEC.LIMPIA.DEMO.WebApi.csproj", "{6A70EDC6-8653-4F35-A457-614E606C3F2D}"
EndProject
Global
	GlobalSection(SolutionConfigurationPlatforms) = preSolution
		Debug|Any CPU = Debug|Any CPU
		Release|Any CPU = Release|Any CPU
	EndGlobalSection
	GlobalSection(ProjectConfigurationPlatforms) = postSolution
		{CB27A57C-E03B-420C-9D70-8DC30455BB8B}.Debug|Any CPU.ActiveCfg = Debug|Any CPU
		{CB27A57C-E03B-420C-9D70-8DC30455BB8B}.Debug|Any CPU.Build.0 = Debug|Any CPU
		{CB27A57C-E03B-420C-9D70-8DC30455BB8B}.Release|Any CPU.ActiveCfg = Release|Any CPU
		{CB27A57C-E03B-420C-9D70-8DC30455BB8B}.Release|Any CPU.Build.0 = Release|Any CPU
		{030A17C5-12F2-4F36-9168-05DAA8D0C430}.Debug|Any CPU.ActiveCfg = Debug|Any CPU
		{030A17C5-12F2-4F36-9168-05DAA8D0C430}.Debug|Any CPU.Build.0 = Debug|Any CPU
		{030A17C5-12F2-4F36-9168-05DAA8D0C430}.Release|Any CPU.ActiveCfg = Release|Any CPU
		{030A17C5-12F2-4F36-9168-05DAA8D0C430}.Release|Any CPU.Build.0 = Release|Any CPU
		{6C3C93CD-106B-4A2A-B54B-108E2E68D2D0}.Debug|Any CPU.ActiveCfg = Debug|Any CPU
		{6C3C93CD-106B-4A2A-B54B-108E2E68D2D0}.Debug|Any CPU.Build.0 = Debug|Any CPU
		{6C3C93CD-106B-4A2A-B54B-108E2E68D2D0}.Release|Any CPU.ActiveCfg = Release|Any CPU
		{6C3C93CD-106B-4A2A-B54B-108E2E68D2D0}.Release|Any CPU.Build.0 = Release|Any CPU
		{3A6E7443-0068-4AAF-B1E0-021EB01D5CD5}.Debug|Any CPU.ActiveCfg = Debug|Any CPU
		{3A6E7443-0068-4AAF-B1E0-021EB01D5CD5}.Debug|Any CPU.Build.0 = Debug|Any CPU
		{3A6E7443-0068-4AAF-B1E0-021EB01D5CD5}.Release|Any CPU.ActiveCfg = Release|Any CPU
		{3A6E7443-0068-4AAF-B1E0-021EB01D5CD5}.Release|Any CPU.Build.0 = Release|Any CPU
		{710DEA62-D9B3-4722-A66B-8FB0DE7B0641}.Debug|Any CPU.ActiveCfg = Debug|Any CPU
		{710DEA62-D9B3-4722-A66B-8FB0DE7B0641}.Debug|Any CPU.Build.0 = Debug|Any CPU
		{710DEA62-D9B3-4722-A66B-8FB0DE7B0641}.Release|Any CPU.ActiveCfg = Release|Any CPU
		{710DEA62-D9B3-4722-A66B-8FB0DE7B0641}.Release|Any CPU.Build.0 = Release|Any CPU
		{80E29AFC-B1A3-4D0A-9AC1-4968BAE42211}.Debug|Any CPU.ActiveCfg = Debug|Any CPU
		{80E29AFC-B1A3-4D0A-9AC1-4968BAE42211}.Debug|Any CPU.Build.0 = Debug|Any CPU
		{80E29AFC-B1A3-4D0A-9AC1-4968BAE42211}.Release|Any CPU.ActiveCfg = Release|Any CPU
		{80E29AFC-B1A3-4D0A-9AC1-4968BAE42211}.Release|Any CPU.Build.0 = Release|Any CPU
		{6A70EDC6-8653-4F35-A457-614E606C3F2D}.Debug|Any CPU.ActiveCfg = Debug|Any CPU
		{6A70EDC6-8653-4F35-A457-614E606C3F2D}.Debug|Any CPU.Build.0 = Debug|Any CPU
		{6A70EDC6-8653-4F35-A457-614E606C3F2D}.Release|Any CPU.ActiveCfg = Release|Any CPU
		{6A70EDC6-8653-4F35-A457-614E606C3F2D}.Release|Any CPU.Build.0 = Release|Any CPU
	EndGlobalSection
	GlobalSection(SolutionProperties) = preSolution
		HideSolutionNode = FALSE
	EndGlobalSection
	GlobalSection(NestedProjects) = preSolution
		{CB27A57C-E03B-420C-9D70-8DC30455BB8B} = {9B8FE6E0-626D-497E-ADA6-4AF3D14A3A8B}
		{030A17C5-12F2-4F36-9168-05DAA8D0C430} = {0F68506D-830D-4D3C-9714-7CD9DF12C173}
		{6C3C93CD-106B-4A2A-B54B-108E2E68D2D0} = {0F68506D-830D-4D3C-9714-7CD9DF12C173}
		{23B15EDF-B1D6-40CB-8D7C-C327F66A6FAE} = {FD29B28D-CE78-41EC-8C24-2EF75A6371EA}
		{3A6E7443-0068-4AAF-B1E0-021EB01D5CD5} = {23B15EDF-B1D6-40CB-8D7C-C327F66A6FAE}
		{6DFB5B1C-1865-4B64-A960-60D4E3C60DE7} = {FD29B28D-CE78-41EC-8C24-2EF75A6371EA}
		{710DEA62-D9B3-4722-A66B-8FB0DE7B0641} = {6DFB5B1C-1865-4B64-A960-60D4E3C60DE7}
		{D4BA2986-933D-447A-9B35-61ADE9F66AD2} = {FD29B28D-CE78-41EC-8C24-2EF75A6371EA}
		{80E29AFC-B1A3-4D0A-9AC1-4968BAE42211} = {D4BA2986-933D-447A-9B35-61ADE9F66AD2}
		{DCDE2E3F-20EA-42BF-BE4D-25956BD4CF71} = {8A886C82-7254-4A4D-A6D6-C4FE2040F789}
		{6A70EDC6-8653-4F35-A457-614E606C3F2D} = {DCDE2E3F-20EA-42BF-BE4D-25956BD4CF71}
	EndGlobalSection
	GlobalSection(ExtensibilityGlobals) = postSolution
		SolutionGuid = {BF014F49-FF85-4463-A123-339E390CF55E}
	EndGlobalSection
EndGlobal
